
Microsoft Visual Studio Solution File, Format Version 12.00
# Visual Studio 15
Project("{FAE04EC0-301F-11D3-BF4B-00C04F79EFBC}") = "FMODUnity", "FMODUnity.csproj", "{E203DBDB-BB51-2004-7D54-02EB389870FC}"
EndProject
Project("{FAE04EC0-301F-11D3-BF4B-00C04F79EFBC}") = "FMODUnityEditor", "FMODUnityEditor.csproj", "{82928B61-5E21-8417-609C-560262BF105E}"
EndProject
Project("{FAE04EC0-301F-11D3-BF4B-00C04F79EFBC}") = "Assembly-CSharp", "Assembly-CSharp.csproj", "{DC3E7C17-881F-DAED-5876-25EEA6B783C0}"
EndProject
Project("{FAE04EC0-301F-11D3-BF4B-00C04F79EFBC}") = "FMODUnityResonanceEditor", "FMODUnityResonanceEditor.csproj", "{137E0F9C-1B8C-E873-6EFF-502F5736CAC3}"
EndProject
Project("{FAE04EC0-301F-11D3-BF4B-00C04F79EFBC}") = "FMODUnityResonance", "FMODUnityResonance.csproj", "{0CEFA6AC-7EBA-9A09-D5FF-2BB854875F65}"
EndProject
Global
	GlobalSection(SolutionConfigurationPlatforms) = preSolution
		Debug|Any CPU = Debug|Any CPU
		Release|Any CPU = Release|Any CPU
	EndGlobalSection
	GlobalSection(ProjectConfigurationPlatforms) = postSolution
		{E203DBDB-BB51-2004-7D54-02EB389870FC}.Debug|Any CPU.ActiveCfg = Debug|Any CPU
		{E203DBDB-BB51-2004-7D54-02EB389870FC}.Debug|Any CPU.Build.0 = Debug|Any CPU
		{E203DBDB-BB51-2004-7D54-02EB389870FC}.Release|Any CPU.ActiveCfg = Release|Any CPU
		{E203DBDB-BB51-2004-7D54-02EB389870FC}.Release|Any CPU.Build.0 = Release|Any CPU
		{82928B61-5E21-8417-609C-560262BF105E}.Debug|Any CPU.ActiveCfg = Debug|Any CPU
		{82928B61-5E21-8417-609C-560262BF105E}.Debug|Any CPU.Build.0 = Debug|Any CPU
		{82928B61-5E21-8417-609C-560262BF105E}.Release|Any CPU.ActiveCfg = Release|Any CPU
		{82928B61-5E21-8417-609C-560262BF105E}.Release|Any CPU.Build.0 = Release|Any CPU
		{DC3E7C17-881F-DAED-5876-25EEA6B783C0}.Debug|Any CPU.ActiveCfg = Debug|Any CPU
		{DC3E7C17-881F-DAED-5876-25EEA6B783C0}.Debug|Any CPU.Build.0 = Debug|Any CPU
		{DC3E7C17-881F-DAED-5876-25EEA6B783C0}.Release|Any CPU.ActiveCfg = Release|Any CPU
		{DC3E7C17-881F-DAED-5876-25EEA6B783C0}.Release|Any CPU.Build.0 = Release|Any CPU
		{137E0F9C-1B8C-E873-6EFF-502F5736CAC3}.Debug|Any CPU.ActiveCfg = Debug|Any CPU
		{137E0F9C-1B8C-E873-6EFF-502F5736CAC3}.Debug|Any CPU.Build.0 = Debug|Any CPU
		{137E0F9C-1B8C-E873-6EFF-502F5736CAC3}.Release|Any CPU.ActiveCfg = Release|Any CPU
		{137E0F9C-1B8C-E873-6EFF-502F5736CAC3}.Release|Any CPU.Build.0 = Release|Any CPU
		{0CEFA6AC-7EBA-9A09-D5FF-2BB854875F65}.Debug|Any CPU.ActiveCfg = Debug|Any CPU
		{0CEFA6AC-7EBA-9A09-D5FF-2BB854875F65}.Debug|Any CPU.Build.0 = Debug|Any CPU
		{0CEFA6AC-7EBA-9A09-D5FF-2BB854875F65}.Release|Any CPU.ActiveCfg = Release|Any CPU
		{0CEFA6AC-7EBA-9A09-D5FF-2BB854875F65}.Release|Any CPU.Build.0 = Release|Any CPU
	EndGlobalSection
	GlobalSection(SolutionProperties) = preSolution
		HideSolutionNode = FALSE
	EndGlobalSection
EndGlobal
